
Microsoft Visual Studio Solution File, Format Version 12.00
# Visual Studio Version 17
VisualStudioVersion = 17.0.31903.59
MinimumVisualStudioVersion = 10.0.40219.1
Project("{FAE04EC0-301F-11D3-BF4B-00C04F79EFBC}") = "CodingPatterns", "CodingPatterns\CodingPatterns.csproj", "{34E55E91-9036-4F56-AB56-2C0222CBE557}"
EndProject
Project("{FAE04EC0-301F-11D3-BF4B-00C04F79EFBC}") = "HospitalBookingApi", "HospitalBookingApi\HospitalBookingApi.csproj", "{984FB487-C83E-4D58-86EC-78326BCBB611}"
EndProject
Project("{FAE04EC0-301F-11D3-BF4B-00C04F79EFBC}") = "RedisRateLimiterDemo", "RedisRateLimiterDemo\RedisRateLimiterDemo.csproj", "{FD6F07C3-E787-4959-A877-0942F7A668C9}"
EndProject
Global
	GlobalSection(SolutionConfigurationPlatforms) = preSolution
		Debug|Any CPU = Debug|Any CPU
		Debug|x64 = Debug|x64
		Debug|x86 = Debug|x86
		Release|Any CPU = Release|Any CPU
		Release|x64 = Release|x64
		Release|x86 = Release|x86
	EndGlobalSection
	GlobalSection(ProjectConfigurationPlatforms) = postSolution
		{34E55E91-9036-4F56-AB56-2C0222CBE557}.Debug|Any CPU.ActiveCfg = Debug|Any CPU
		{34E55E91-9036-4F56-AB56-2C0222CBE557}.Debug|Any CPU.Build.0 = Debug|Any CPU
		{34E55E91-9036-4F56-AB56-2C0222CBE557}.Debug|x64.ActiveCfg = Debug|Any CPU
		{34E55E91-9036-4F56-AB56-2C0222CBE557}.Debug|x64.Build.0 = Debug|Any CPU
		{34E55E91-9036-4F56-AB56-2C0222CBE557}.Debug|x86.ActiveCfg = Debug|Any CPU
		{34E55E91-9036-4F56-AB56-2C0222CBE557}.Debug|x86.Build.0 = Debug|Any CPU
		{34E55E91-9036-4F56-AB56-2C0222CBE557}.Release|Any CPU.ActiveCfg = Release|Any CPU
		{34E55E91-9036-4F56-AB56-2C0222CBE557}.Release|Any CPU.Build.0 = Release|Any CPU
		{34E55E91-9036-4F56-AB56-2C0222CBE557}.Release|x64.ActiveCfg = Release|Any CPU
		{34E55E91-9036-4F56-AB56-2C0222CBE557}.Release|x64.Build.0 = Release|Any CPU
		{34E55E91-9036-4F56-AB56-2C0222CBE557}.Release|x86.ActiveCfg = Release|Any CPU
		{34E55E91-9036-4F56-AB56-2C0222CBE557}.Release|x86.Build.0 = Release|Any CPU
		{984FB487-C83E-4D58-86EC-78326BCBB611}.Debug|Any CPU.ActiveCfg = Debug|Any CPU
		{984FB487-C83E-4D58-86EC-78326BCBB611}.Debug|Any CPU.Build.0 = Debug|Any CPU
		{984FB487-C83E-4D58-86EC-78326BCBB611}.Debug|x64.ActiveCfg = Debug|Any CPU
		{984FB487-C83E-4D58-86EC-78326BCBB611}.Debug|x64.Build.0 = Debug|Any CPU
		{984FB487-C83E-4D58-86EC-78326BCBB611}.Debug|x86.ActiveCfg = Debug|Any CPU
		{984FB487-C83E-4D58-86EC-78326BCBB611}.Debug|x86.Build.0 = Debug|Any CPU
		{984FB487-C83E-4D58-86EC-78326BCBB611}.Release|Any CPU.ActiveCfg = Release|Any CPU
		{984FB487-C83E-4D58-86EC-78326BCBB611}.Release|Any CPU.Build.0 = Release|Any CPU
		{984FB487-C83E-4D58-86EC-78326BCBB611}.Release|x64.ActiveCfg = Release|Any CPU
		{984FB487-C83E-4D58-86EC-78326BCBB611}.Release|x64.Build.0 = Release|Any CPU
		{984FB487-C83E-4D58-86EC-78326BCBB611}.Release|x86.ActiveCfg = Release|Any CPU
		{984FB487-C83E-4D58-86EC-78326BCBB611}.Release|x86.Build.0 = Release|Any CPU
		{FD6F07C3-E787-4959-A877-0942F7A668C9}.Debug|Any CPU.ActiveCfg = Debug|Any CPU
		{FD6F07C3-E787-4959-A877-0942F7A668C9}.Debug|Any CPU.Build.0 = Debug|Any CPU
		{FD6F07C3-E787-4959-A877-0942F7A668C9}.Debug|x64.ActiveCfg = Debug|Any CPU
		{FD6F07C3-E787-4959-A877-0942F7A668C9}.Debug|x64.Build.0 = Debug|Any CPU
		{FD6F07C3-E787-4959-A877-0942F7A668C9}.Debug|x86.ActiveCfg = Debug|Any CPU
		{FD6F07C3-E787-4959-A877-0942F7A668C9}.Debug|x86.Build.0 = Debug|Any CPU
		{FD6F07C3-E787-4959-A877-0942F7A668C9}.Release|Any CPU.ActiveCfg = Release|Any CPU
		{FD6F07C3-E787-4959-A877-0942F7A668C9}.Release|Any CPU.Build.0 = Release|Any CPU
		{FD6F07C3-E787-4959-A877-0942F7A668C9}.Release|x64.ActiveCfg = Release|Any CPU
		{FD6F07C3-E787-4959-A877-0942F7A668C9}.Release|x64.Build.0 = Release|Any CPU
		{FD6F07C3-E787-4959-A877-0942F7A668C9}.Release|x86.ActiveCfg = Release|Any CPU
		{FD6F07C3-E787-4959-A877-0942F7A668C9}.Release|x86.Build.0 = Release|Any CPU
	EndGlobalSection
	GlobalSection(SolutionProperties) = preSolution
		HideSolutionNode = FALSE
	EndGlobalSection
EndGlobal
